
Microsoft Visual Studio Solution File, Format Version 12.00
# Visual Studio Version 17
VisualStudioVersion = 17.13.35931.197 d17.13
MinimumVisualStudioVersion = 10.0.40219.1
Project("{FAE04EC0-301F-11D3-BF4B-00C04F79EFBC}") = "BluetoothNoBS", "BluetoothNoBS.csproj", "{D7DEA2F1-26F4-4366-B642-1665BA2C4349}"
EndProject
Global
	GlobalSection(SolutionConfigurationPlatforms) = preSolution
		Debug|Any CPU = Debug|Any CPU
		Release|Any CPU = Release|Any CPU
	EndGlobalSection
	GlobalSection(ProjectConfigurationPlatforms) = postSolution
		{D7DEA2F1-26F4-4366-B642-1665BA2C4349}.Debug|Any CPU.ActiveCfg = Debug|Any CPU
		{D7DEA2F1-26F4-4366-B642-1665BA2C4349}.Debug|Any CPU.Build.0 = Debug|Any CPU
		{D7DEA2F1-26F4-4366-B642-1665BA2C4349}.Release|Any CPU.ActiveCfg = Release|Any CPU
		{D7DEA2F1-26F4-4366-B642-1665BA2C4349}.Release|Any CPU.Build.0 = Release|Any CPU
	EndGlobalSection
	GlobalSection(SolutionProperties) = preSolution
		HideSolutionNode = FALSE
	EndGlobalSection
	GlobalSection(ExtensibilityGlobals) = postSolution
		SolutionGuid = {A2F8C866-A52D-47D1-9EB6-03C9C17AC0C1}
	EndGlobalSection
EndGlobal
